dependencies:
- name: aissemble-pipeline-invocation-chart
  repository: oci://ghcr.io/boozallen
  version: 1.9.0-SNAPSHOT
- name: aissemble-pipeline-invocation-lib-chart
  repository: oci://ghcr.io/boozallen
  version: 1.9.0-SNAPSHOT
digest: sha256:1f20aae8e3a6ffa1567924d20b54189a228c2266cfbfaad97badef9af04acd23
generated: "2024-09-06T07:50:33.427257-07:00"
